{
    "_meta": {
        "hash": {
            "sha256": "d9217ce59060d3d6b3611709d68f7e7fe77313fc919f884110fb59767ecaea5f"
        },
        "pipfile-spec": 6,
        "requires": {
            "python_version": "3.8"
        },
        "sources": [
            {
                "name": "pypi",
                "url": "https://pypi.org/simple",
                "verify_ssl": true
            }
        ]
    },
    "default": {
        "urwid": {
            "hashes": [
                "sha256:0896f36060beb6bf3801cb554303fef336a79661401797551ba106d23ab4cd86"
            ],
            "index": "pypi",
            "version": "==2.1.0"
        }
    },
    "develop": {}
}
